{
    "_meta": {
        "hash": {
            "sha256": "49dfaeca183efd7561aa4149f5d72bdc23bfee69ff99f2e534492f5262c73baa"
        },
        "requires": {},
        "sources": [
            {
                "url": "https://pypi.python.org/simple",
                "verify_ssl": true
            }
        ]
    },
    "default": {
        "Flask": {
            "version": "==0.12.2"
        },
        "Flask-Compress": {
            "version": "==1.4.0"
        },
        "Flask-SeaSurf": {
            "version": "==0.2.2"
        },
        "Jinja2": {
            "version": "==2.9.6"
        },
        "MarkupSafe": {
            "version": "==1.0"
        },
        "Werkzeug": {
            "version": "==0.12.2"
        },
        "arrow": {
            "version": "==0.10.0"
        },
        "certifi": {
            "version": "==2017.4.17"
        },
        "chardet": {
            "version": "==3.0.4"
        },
        "click": {
            "version": "==6.7"
        },
        "dash": {
            "version": "==0.17.7"
        },
        "dash-core-components": {
            "version": "==0.5.3"
        },
        "dash-html-components": {
            "version": "==0.6.2"
        },
        "dash_renderer": {
            "version": "==0.7.3"
        },
        "decorator": {
            "version": "==4.0.11"
        },
        "gunicorn": {
            "version": "==19.7.1"
        },
        "idna": {
            "version": "==2.5"
        },
        "ipython_genutils": {
            "version": "==0.2.0"
        },
        "itsdangerous": {
            "version": "==0.24"
        },
        "jsonschema": {
            "version": "==2.6.0"
        },
        "jupyter_core": {
            "version": "==4.3.0"
        },
        "nbformat": {
            "version": "==4.3.0"
        },
        "numpy": {
            "version": "==1.13.1"
        },
        "pandas": {
            "version": "==0.20.3"
        },
        "plotly": {
            "version": "==2.0.12"
        },
        "python-dateutil": {
            "version": "==2.6.1"
        },
        "python-dotenv": {
            "version": "==0.6.4"
        },
        "pytz": {
            "version": "==2017.2"
        },
        "requests": {
            "version": "==2.18.1"
        },
        "six": {
            "version": "==1.10.0"
        },
        "traitlets": {
            "version": "==4.3.2"
        },
        "urllib3": {
            "version": "==1.21.1"
        }
    },
    "develop": {}
}
